
Microsoft Visual Studio Solution File, Format Version 12.00
# Visual Studio Version 17
VisualStudioVersion = 17.13.35825.156
MinimumVisualStudioVersion = 10.0.40219.1
Project("{FAE04EC0-301F-11D3-BF4B-00C04F79EFBC}") = "Projet.Datas", "Projet.Datas\Projet.Datas.csproj", "{520AEE57-96DC-403C-9F36-2CC836D74EB3}"
EndProject
Project("{FAE04EC0-301F-11D3-BF4B-00C04F79EFBC}") = "Projet.Luhn", "Projet.Luhn\Projet.Luhn.csproj", "{DFFA8F0D-4FF8-45FE-BF1B-37CF018461BB}"
EndProject
Project("{FAE04EC0-301F-11D3-BF4B-00C04F79EFBC}") = "Projet.Business", "Projet.Business\Projet.Business.csproj", "{0F50A913-B5D8-4599-A3C0-404C452706B7}"
EndProject
Project("{FAE04EC0-301F-11D3-BF4B-00C04F79EFBC}") = "Projet.ExportVerifiedTransactions", "Projet.ExportVerifiedTransactions\Projet.ExportVerifiedTransactions.csproj", "{F86EACB4-435D-4CFB-B8E9-FDDB09001611}"
EndProject
Project("{FAE04EC0-301F-11D3-BF4B-00C04F79EFBC}") = "Projet.Login", "Projet.Login\Projet.Login.csproj", "{F66DC7D8-8203-475C-915F-785EE11614B5}"
EndProject
Global
	GlobalSection(SolutionConfigurationPlatforms) = preSolution
		Debug|Any CPU = Debug|Any CPU
		Release|Any CPU = Release|Any CPU
	EndGlobalSection
	GlobalSection(ProjectConfigurationPlatforms) = postSolution
		{520AEE57-96DC-403C-9F36-2CC836D74EB3}.Debug|Any CPU.ActiveCfg = Debug|Any CPU
		{520AEE57-96DC-403C-9F36-2CC836D74EB3}.Debug|Any CPU.Build.0 = Debug|Any CPU
		{520AEE57-96DC-403C-9F36-2CC836D74EB3}.Release|Any CPU.ActiveCfg = Release|Any CPU
		{520AEE57-96DC-403C-9F36-2CC836D74EB3}.Release|Any CPU.Build.0 = Release|Any CPU
		{DFFA8F0D-4FF8-45FE-BF1B-37CF018461BB}.Debug|Any CPU.ActiveCfg = Debug|Any CPU
		{DFFA8F0D-4FF8-45FE-BF1B-37CF018461BB}.Debug|Any CPU.Build.0 = Debug|Any CPU
		{DFFA8F0D-4FF8-45FE-BF1B-37CF018461BB}.Release|Any CPU.ActiveCfg = Release|Any CPU
		{DFFA8F0D-4FF8-45FE-BF1B-37CF018461BB}.Release|Any CPU.Build.0 = Release|Any CPU
		{0F50A913-B5D8-4599-A3C0-404C452706B7}.Debug|Any CPU.ActiveCfg = Debug|Any CPU
		{0F50A913-B5D8-4599-A3C0-404C452706B7}.Debug|Any CPU.Build.0 = Debug|Any CPU
		{0F50A913-B5D8-4599-A3C0-404C452706B7}.Release|Any CPU.ActiveCfg = Release|Any CPU
		{0F50A913-B5D8-4599-A3C0-404C452706B7}.Release|Any CPU.Build.0 = Release|Any CPU
		{F86EACB4-435D-4CFB-B8E9-FDDB09001611}.Debug|Any CPU.ActiveCfg = Debug|Any CPU
		{F86EACB4-435D-4CFB-B8E9-FDDB09001611}.Debug|Any CPU.Build.0 = Debug|Any CPU
		{F86EACB4-435D-4CFB-B8E9-FDDB09001611}.Release|Any CPU.ActiveCfg = Release|Any CPU
		{F86EACB4-435D-4CFB-B8E9-FDDB09001611}.Release|Any CPU.Build.0 = Release|Any CPU
		{F66DC7D8-8203-475C-915F-785EE11614B5}.Debug|Any CPU.ActiveCfg = Debug|Any CPU
		{F66DC7D8-8203-475C-915F-785EE11614B5}.Debug|Any CPU.Build.0 = Debug|Any CPU
		{F66DC7D8-8203-475C-915F-785EE11614B5}.Release|Any CPU.ActiveCfg = Release|Any CPU
		{F66DC7D8-8203-475C-915F-785EE11614B5}.Release|Any CPU.Build.0 = Release|Any CPU
	EndGlobalSection
	GlobalSection(SolutionProperties) = preSolution
		HideSolutionNode = FALSE
	EndGlobalSection
	GlobalSection(ExtensibilityGlobals) = postSolution
		SolutionGuid = {F6F47284-4C7F-4B2F-8FC7-6D4F01E1D1BF}
	EndGlobalSection
EndGlobal
